{
  "name": "aciujums",
  "lockfileVersion": 3,
  "requires": true,
  "packages": {
    "": {
      "dependencies": {
        "chart.js": "^4.4.8",
        "create-next-app": "^15.2.3"
      }
    },
    "node_modules/@kurkle/color": {
      "version": "0.3.4",
      "resolved": "https://registry.npmjs.org/@kurkle/color/-/color-0.3.4.tgz",
      "integrity": "sha512-M5UknZPHRu3DEDWoipU6sE8PdkZ6Z/S+v4dD+Ke8IaNlpdSQah50lz1KtcFBa2vsdOnwbbnxJwVM4wty6udA5w==",
      "license": "MIT"
    },
    "node_modules/chart.js": {
      "version": "4.4.8",
      "resolved": "https://registry.npmjs.org/chart.js/-/chart.js-4.4.8.tgz",
      "integrity": "sha512-IkGZlVpXP+83QpMm4uxEiGqSI7jFizwVtF3+n5Pc3k7sMO+tkd0qxh2OzLhenM0K80xtmAONWGBn082EiBQSDA==",
      "license": "MIT",
      "dependencies": {
        "@kurkle/color": "^0.3.0"
      },
      "engines": {
        "pnpm": ">=8"
      }
    },
    "node_modules/create-next-app": {
      "version": "15.2.3",
      "resolved": "https://registry.npmjs.org/create-next-app/-/create-next-app-15.2.3.tgz",
      "integrity": "sha512-2gwSKla1BRw/o4V56a3LHOOOIeHx2GkZ3ewOh6WDXTOXwxX27/w97I66DZcXxySLa3gypsA0vwXFhZ1zoMUEew==",
      "license": "MIT",
      "bin": {
        "create-next-app": "dist/index.js"
      },
      "engines": {
        "node": ">=18.18.0"
      }
    }
  }
}
